<?xml version="1.0" encoding="utf-8"?>
<Project ToolsVersion="4.0" xmlns="http://schemas.microsoft.com/developer/msbuild/2003">
  <ItemGroup>
    <Filter Include="Source Files">
      <UniqueIdentifier>{4FC737F1-C7A5-4376-A066-2A32D752A2FF}</UniqueIdentifier>
      <Extensions>cpp;c;cc;cxx;c++;cppm;ixx;def;odl;idl;hpj;bat;asm;asmx</Extensions>
    </Filter>
    <Filter Include="Header Files">
      <UniqueIdentifier>{93995380-89BD-4b04-88EB-625FBE52EBFB}</UniqueIdentifier>
      <Extensions>h;hh;hpp;hxx;h++;hm;inl;inc;ipp;xsd</Extensions>
    </Filter>
    <Filter Include="Resource Files">
      <UniqueIdentifier>{67DA6AB6-F800-4c08-8B7A-83BB121AAD01}</UniqueIdentifier>
      <Extensions>rc;ico;cur;bmp;dlg;rc2;rct;bin;rgs;gif;jpg;jpeg;jpe;resx;tiff;tif;png;wav;mfcribbon-ms</Extensions>
    </Filter>
    <Filter Include="Definition">
      <UniqueIdentifier>{50036fe6-402d-4a41-8f48-4b861c2dc86c}</UniqueIdentifier>
    </Filter>
    <Filter Include="Component">
      <UniqueIdentifier>{961f5107-e933-4349-ba97-268a709a8844}</UniqueIdentifier>
    </Filter>
  </ItemGroup>
  <ItemGroup>
    <ClCompile Include="src\EncounterSystem.cpp">
      <Filter>Source Files</Filter>
    </ClCompile>
    <ClCompile Include="src\CombatRules.cpp">
      <Filter>Source Files</Filter>
    </ClCompile>
    <ClCompile Include="src\TestCombat.cpp">
      <Filter>Source Files</Filter>
    </ClCompile>
    <ClCompile Include="main.cpp">
      <Filter>Source Files</Filter>
    </ClCompile>
    <ClCompile Include="src\CombatSystem.cpp">
      <Filter>Source Files</Filter>
    </ClCompile>
    <ClCompile Include="src\DefinitionManager.cpp">
      <Filter>Source Files</Filter>
    </ClCompile>
  </ItemGroup>
  <ItemGroup>
    <ClInclude Include="include\EncounterSystem.h">
      <Filter>Header Files</Filter>
    </ClInclude>
    <ClInclude Include="include\Entity.h">
      <Filter>Header Files</Filter>
    </ClInclude>
    <ClInclude Include="include\MathUtils.h">
      <Filter>Header Files</Filter>
    </ClInclude>
    <ClInclude Include="include\PlayerMovementSystem.h">
      <Filter>Header Files</Filter>
    </ClInclude>
    <ClInclude Include="include\GameState.h">
      <Filter>Header Files</Filter>
    </ClInclude>
    <ClInclude Include="include\CombatSystem.h">
      <Filter>Header Files</Filter>
    </ClInclude>
    <ClInclude Include="include\Definitions.h">
      <Filter>Definition</Filter>
    </ClInclude>
    <ClInclude Include="include\Components.h">
      <Filter>Component</Filter>
    </ClInclude>
    <ClInclude Include="include\CombatStatsComponent.h">
      <Filter>Component</Filter>
    </ClInclude>
    <ClInclude Include="include\json.hpp">
      <Filter>Header Files</Filter>
    </ClInclude>
    <ClInclude Include="include\DefinitionManager.h">
      <Filter>Definition</Filter>
    </ClInclude>
    <ClInclude Include="include\CombatRules.h">
      <Filter>Component</Filter>
    </ClInclude>
    <ClInclude Include="include\CombatTurn.h">
      <Filter>Header Files</Filter>
    </ClInclude>
    <ClInclude Include="include\CombatResult.h">
      <Filter>Header Files</Filter>
    </ClInclude>
  </ItemGroup>
  <ItemGroup>
    <None Include="data\player.json">
      <Filter>Resource Files</Filter>
    </None>
    <None Include="data\enemy_goblin.json">
      <Filter>Resource Files</Filter>
    </None>
  </ItemGroup>
</Project>